
Microsoft Visual Studio Solution File, Format Version 12.00
# Visual Studio Version 16
VisualStudioVersion = 16.0.30503.244
MinimumVisualStudioVersion = 10.0.40219.1
Project("{FAE04EC0-301F-11D3-BF4B-00C04F79EFBC}") = "Chenil", "Chenil\Chenil.csproj", "{323265A9-BA6C-4C7F-AF4F-1BF27ABAC01E}"
EndProject
Project("{E53339B2-1760-4266-BCC7-CA923CBCF16C}") = "docker-compose", "docker-compose.dcproj", "{88738523-23DB-4043-807F-62E87201317C}"
EndProject
Global
	GlobalSection(SolutionConfigurationPlatforms) = preSolution
		Debug|Any CPU = Debug|Any CPU
		Release|Any CPU = Release|Any CPU
	EndGlobalSection
	GlobalSection(ProjectConfigurationPlatforms) = postSolution
		{323265A9-BA6C-4C7F-AF4F-1BF27ABAC01E}.Debug|Any CPU.ActiveCfg = Debug|Any CPU
		{323265A9-BA6C-4C7F-AF4F-1BF27ABAC01E}.Debug|Any CPU.Build.0 = Debug|Any CPU
		{323265A9-BA6C-4C7F-AF4F-1BF27ABAC01E}.Release|Any CPU.ActiveCfg = Release|Any CPU
		{323265A9-BA6C-4C7F-AF4F-1BF27ABAC01E}.Release|Any CPU.Build.0 = Release|Any CPU
		{88738523-23DB-4043-807F-62E87201317C}.Debug|Any CPU.ActiveCfg = Debug|Any CPU
		{88738523-23DB-4043-807F-62E87201317C}.Debug|Any CPU.Build.0 = Debug|Any CPU
		{88738523-23DB-4043-807F-62E87201317C}.Release|Any CPU.ActiveCfg = Release|Any CPU
		{88738523-23DB-4043-807F-62E87201317C}.Release|Any CPU.Build.0 = Release|Any CPU
	EndGlobalSection
	GlobalSection(SolutionProperties) = preSolution
		HideSolutionNode = FALSE
	EndGlobalSection
	GlobalSection(ExtensibilityGlobals) = postSolution
		SolutionGuid = {57FF448A-FDB4-4DAA-B3D2-5BA7B8AE73D5}
	EndGlobalSection
EndGlobal
